
Microsoft Visual Studio Solution File, Format Version 12.00
Project("{FAE04EC0-301F-11D3-BF4B-00C04F79EFBC}") = "TestPls", "TestPls\TestPls.csproj", "{77BBBFF2-D001-4759-9B49-BD7727E06C8D}"
EndProject
Global
	GlobalSection(SolutionConfigurationPlatforms) = preSolution
		Debug|Any CPU = Debug|Any CPU
		Release|Any CPU = Release|Any CPU
	EndGlobalSection
	GlobalSection(ProjectConfigurationPlatforms) = postSolution
		{77BBBFF2-D001-4759-9B49-BD7727E06C8D}.Debug|Any CPU.ActiveCfg = Debug|Any CPU
		{77BBBFF2-D001-4759-9B49-BD7727E06C8D}.Debug|Any CPU.Build.0 = Debug|Any CPU
		{77BBBFF2-D001-4759-9B49-BD7727E06C8D}.Release|Any CPU.ActiveCfg = Release|Any CPU
		{77BBBFF2-D001-4759-9B49-BD7727E06C8D}.Release|Any CPU.Build.0 = Release|Any CPU
	EndGlobalSection
EndGlobal
